
Microsoft Visual Studio Solution File, Format Version 12.00
# Visual Studio 15
VisualStudioVersion = 15.0.28307.329
MinimumVisualStudioVersion = 10.0.40219.1
Project("{FAE04EC0-301F-11D3-BF4B-00C04F79EFBC}") = "MSMS", "MSMS\MSMS.csproj", "{6E716063-12CB-4263-9FB4-37C5EE7F4CC9}"
EndProject
Global
	GlobalSection(SolutionConfigurationPlatforms) = preSolution
		Debug|Any CPU = Debug|Any CPU
		Release|Any CPU = Release|Any CPU
	EndGlobalSection
	GlobalSection(ProjectConfigurationPlatforms) = postSolution
		{6E716063-12CB-4263-9FB4-37C5EE7F4CC9}.Debug|Any CPU.ActiveCfg = Debug|Any CPU
		{6E716063-12CB-4263-9FB4-37C5EE7F4CC9}.Debug|Any CPU.Build.0 = Debug|Any CPU
		{6E716063-12CB-4263-9FB4-37C5EE7F4CC9}.Release|Any CPU.ActiveCfg = Release|Any CPU
		{6E716063-12CB-4263-9FB4-37C5EE7F4CC9}.Release|Any CPU.Build.0 = Release|Any CPU
	EndGlobalSection
	GlobalSection(SolutionProperties) = preSolution
		HideSolutionNode = FALSE
	EndGlobalSection
	GlobalSection(ExtensibilityGlobals) = postSolution
		SolutionGuid = {968CD39E-F52C-47A3-91BA-0BFDBF86C5A5}
	EndGlobalSection
EndGlobal
